
Microsoft Visual Studio Solution File, Format Version 12.00
# Visual Studio Version 17
VisualStudioVersion = 17.14.36109.1 d17.14
MinimumVisualStudioVersion = 10.0.40219.1
Project("{FAE04EC0-301F-11D3-BF4B-00C04F79EFBC}") = "ProfileImageApi", "ProfileImageApi\ProfileImageApi.csproj", "{F71DB9CE-A6E0-4981-8B59-CFA93E9A3C04}"
EndProject
Global
	GlobalSection(SolutionConfigurationPlatforms) = preSolution
		Debug|Any CPU = Debug|Any CPU
		Release|Any CPU = Release|Any CPU
	EndGlobalSection
	GlobalSection(ProjectConfigurationPlatforms) = postSolution
		{F71DB9CE-A6E0-4981-8B59-CFA93E9A3C04}.Debug|Any CPU.ActiveCfg = Debug|Any CPU
		{F71DB9CE-A6E0-4981-8B59-CFA93E9A3C04}.Debug|Any CPU.Build.0 = Debug|Any CPU
		{F71DB9CE-A6E0-4981-8B59-CFA93E9A3C04}.Release|Any CPU.ActiveCfg = Release|Any CPU
		{F71DB9CE-A6E0-4981-8B59-CFA93E9A3C04}.Release|Any CPU.Build.0 = Release|Any CPU
	EndGlobalSection
	GlobalSection(SolutionProperties) = preSolution
		HideSolutionNode = FALSE
	EndGlobalSection
	GlobalSection(ExtensibilityGlobals) = postSolution
		SolutionGuid = {1E252A62-104D-459B-9257-AE0730202B2C}
	EndGlobalSection
EndGlobal
